# This file is automatically @generated by Cargo.
# It is not intended for manual editing.
[[package]]
name = "lazy_static_for_1_39_0"
version = "1.5.0"
source = "git+https://github.com/naokisz/lazy-static.rs-for-1.39.0.git?branch=main#78f992faae22212bc9f554b1ddb03b438fb1ae2c"

[[package]]
name = "proconio_for_1_39_0"
version = "0.4.3"
source = "git+https://github.com/naokisz/proconio-rs-for-1.39.0.git?branch=main#257b1fc9c64ca2a622dc3e832b85203ad7b9b27e"
dependencies = [
 "lazy_static_for_1_39_0 1.5.0 (git+https://github.com/naokisz/lazy-static.rs-for-1.39.0.git?branch=main)",
]

[[package]]
name = "test-a"
version = "0.1.0"
dependencies = [
 "proconio_for_1_39_0 0.4.3 (git+https://github.com/naokisz/proconio-rs-for-1.39.0.git?branch=main)",
]

[metadata]
"checksum lazy_static_for_1_39_0 1.5.0 (git+https://github.com/naokisz/lazy-static.rs-for-1.39.0.git?branch=main)" = "<none>"
"checksum proconio_for_1_39_0 0.4.3 (git+https://github.com/naokisz/proconio-rs-for-1.39.0.git?branch=main)" = "<none>"
